
Microsoft Visual Studio Solution File, Format Version 12.00
# Visual Studio Version 17
VisualStudioVersion = 17.1.32421.90
MinimumVisualStudioVersion = 10.0.40219.1
Project("{FAE04EC0-301F-11D3-BF4B-00C04F79EFBC}") = "Fowler_Jenna_CharacterSheet", "Fowler_Jenna_CharacterSheet\Fowler_Jenna_CharacterSheet.csproj", "{B932714A-FA30-4B30-A92F-8CB87D75B2B4}"
EndProject
Global
	GlobalSection(SolutionConfigurationPlatforms) = preSolution
		Debug|Any CPU = Debug|Any CPU
		Release|Any CPU = Release|Any CPU
	EndGlobalSection
	GlobalSection(ProjectConfigurationPlatforms) = postSolution
		{B932714A-FA30-4B30-A92F-8CB87D75B2B4}.Debug|Any CPU.ActiveCfg = Debug|Any CPU
		{B932714A-FA30-4B30-A92F-8CB87D75B2B4}.Debug|Any CPU.Build.0 = Debug|Any CPU
		{B932714A-FA30-4B30-A92F-8CB87D75B2B4}.Release|Any CPU.ActiveCfg = Release|Any CPU
		{B932714A-FA30-4B30-A92F-8CB87D75B2B4}.Release|Any CPU.Build.0 = Release|Any CPU
	EndGlobalSection
	GlobalSection(SolutionProperties) = preSolution
		HideSolutionNode = FALSE
	EndGlobalSection
	GlobalSection(ExtensibilityGlobals) = postSolution
		SolutionGuid = {42839CE1-7E2B-4445-BAF1-2EFBE75FBC4B}
	EndGlobalSection
EndGlobal
